version = 1
requires-python = ">=3.12"

[[package]]
name = "configparser"
version = "7.1.0"
source = { registry = "https://pypi.org/simple" }
sdist = { url = "https://files.pythonhosted.org/packages/a5/2e/a8d83652990ecb5df54680baa0c53d182051d9e164a25baa0582363841d1/configparser-7.1.0.tar.gz", hash = "sha256:eb82646c892dbdf773dae19c633044d163c3129971ae09b49410a303b8e0a5f7", size = 50122 }
wheels = [
    { url = "https://files.pythonhosted.org/packages/ee/df/1514580907b0bac0970415e5e24ef96a9c1fa71dcf2aa0139045b58fae9a/configparser-7.1.0-py3-none-any.whl", hash = "sha256:98e374573c4e10e92399651e3ba1c47a438526d633c44ee96143dec26dad4299", size = 17074 },
]

[[package]]
name = "duckdb"
version = "1.2.0"
source = { registry = "https://pypi.org/simple" }
sdist = { url = "https://files.pythonhosted.org/packages/e3/e2/5e6820ec8cc50c4ab6172debea68e2236ea6a5d9caa56297cfb42fca1fa2/duckdb-1.2.0.tar.gz", hash = "sha256:a5ce81828e6d1c3f06836d3bda38eef8355765f08ad5ce239abd6f56934dd1f8", size = 11586759 }
wheels = [
    { url = "https://files.pythonhosted.org/packages/06/0d/eb787bc4f01603db350974299eadd5439a5a4b7c93abbf2ef8570b61ae43/duckdb-1.2.0-cp312-cp312-macosx_12_0_arm64.whl", hash = "sha256:c0427501908d3b4fe464913b0ae2418ff52d1fa24b3982d864169b1d54b6bbee", size = 15253269 },
    { url = "https://files.pythonhosted.org/packages/c6/c5/0a44aab15bee5ae5cb26d4eff62cde294ab30008e7d79c20ae3506806642/duckdb-1.2.0-cp312-cp312-macosx_12_0_universal2.whl", hash = "sha256:33df2430f35e68739fd9fb6bbe1a5f86f4f46b362c9abb3a3f74a989560ef597", size = 31928134 },
    { url = "https://files.pythonhosted.org/packages/36/42/7b009c605f7e14aae2e97ae5a13ab732e48c013f66b2ef634d9eac1d106d/duckdb-1.2.0-cp312-cp312-macosx_12_0_x86_64.whl", hash = "sha256:fd8ca2910efb85f0dd0d50383eaed9b6b7e86e6cacb032c36712e84265855e58", size = 16785162 },
    { url = "https://files.pythonhosted.org/packages/af/37/dea4aaf505d8893873719342a69b61318188287fc63ad669031012be62f3/duckdb-1.2.0-cp312-cp312-manylinux_2_17_aarch64.manylinux2014_aarch64.whl", hash = "sha256:9747d3d2a3290c795c0343eb927dbc75ca78d0440726824c2a39d9634fba9394", size = 18708026 },
    { url = "https://files.pythonhosted.org/packages/d6/73/0f019556ea1558c3c7d376554bf77956bef9a7fef605bba1ba29b3092adb/duckdb-1.2.0-cp312-cp312-manylinux_2_17_x86_64.manylinux2014_x86_64.whl", hash = "sha256:91704accb74223267ae226f3470d71f7ad824549482b3f7fc91710a9fe5a1152", size = 20182548 },
    { url = "https://files.pythonhosted.org/packages/f4/96/34d14a62835983f92c0a492ad39ab28ccf79e61a71edd7c95f8f94776fb5/duckdb-1.2.0-cp312-cp312-manylinux_2_24_aarch64.manylinux_2_28_aarch64.whl", hash = "sha256:d9357737c6699b1f57e1d02b299371b2634bf08927d4e8386146ec5e4d1ebb31", size = 18378723 },
    { url = "https://files.pythonhosted.org/packages/70/6c/ddd22889033e9bb60ac216fb43c82796440491fa6d764eed34aae0496cc9/duckdb-1.2.0-cp312-cp312-musllinux_1_2_x86_64.whl", hash = "sha256:8d61ba5272dd1bf772b7a74f4964e83080602f8f6e9a46a0fa7203a4e0e05249", size = 21707163 },
    { url = "https://files.pythonhosted.org/packages/31/bc/65f19868c927285dd0ca50646861915e3e5f92a0d05e9e7d9e9faed2f16e/duckdb-1.2.0-cp312-cp312-win_amd64.whl", hash = "sha256:f317cfa2f6ff3bc209985715669f4b8dd601faa69e46a206163e53b8db61a1d1", size = 11351204 },
    { url = "https://files.pythonhosted.org/packages/4f/bf/6323895862cb696fd7cee3825204ad2f41db53cecadfc93068448492ec7a/duckdb-1.2.0-cp313-cp313-macosx_12_0_arm64.whl", hash = "sha256:7feaaf185e89138e3d0f4dc9bf647767df1a3f080b4be719837613cb9288b79e", size = 15253479 },
    { url = "https://files.pythonhosted.org/packages/10/7e/0d5d4a9c46f9f3c1b95abc39466452a34168ef465338671d625213e175f6/duckdb-1.2.0-cp313-cp313-macosx_12_0_universal2.whl", hash = "sha256:a52bb5991656cab0b90537c5e05746019be09c5f63535db03ddbff6f65b2ccb3", size = 31927430 },
    { url = "https://files.pythonhosted.org/packages/35/31/e3bf34ff89b111763b180315ebafa8ec1e12ffc82ca7def77dd79a356129/duckdb-1.2.0-cp313-cp313-macosx_12_0_x86_64.whl", hash = "sha256:4d10d5596667f82812b130f3e7fffb282a31c05525ee2f8adddfaa1a07529fe9", size = 16784897 },
    { url = "https://files.pythonhosted.org/packages/9d/e3/ece712e8b7aba4d463bc4222620ba8d6d3e599e89cbf69bc96b2d10d0671/duckdb-1.2.0-cp313-cp313-manylinux_2_17_aarch64.manylinux2014_aarch64.whl", hash = "sha256:436b7c0cd40a63fdce8477b03868026b60b2376cf155812be07392213b707874", size = 18708962 },
    { url = "https://files.pythonhosted.org/packages/5e/17/fb5bbcbc7f2441f21ae2aa74693dbca67219f5dfdeb57bad7af06d21ac4d/duckdb-1.2.0-cp313-cp313-manylinux_2_17_x86_64.manylinux2014_x86_64.whl", hash = "sha256:1c6b8464d9bd5770071d4a00a457b4c09974b930ccb1fe99991cfa8ddda0b905", size = 20181906 },
    { url = "https://files.pythonhosted.org/packages/69/42/6fa3c0899b10d16206a4d26640c423572d299025fec3249ac4fa37a39ae7/duckdb-1.2.0-cp313-cp313-manylinux_2_24_aarch64.manylinux_2_28_aarch64.whl", hash = "sha256:2835bc4828d2e1f8ad58f8ef946815af8beb55f9697e6e9d5a028b81abc02c62", size = 18377184 },
    { url = "https://files.pythonhosted.org/packages/e3/6d/d3bcf9b5bd6d0a98c509c31b833776869407e6d6a000e25d6661070013a2/duckdb-1.2.0-cp313-cp313-musllinux_1_2_x86_64.whl", hash = "sha256:b35284599ac6bf6a09ffd334bc7f4d5df47126bce054a0f73b53f3eac1a5688e", size = 21703527 },
    { url = "https://files.pythonhosted.org/packages/22/2c/95dada2a1ebd52d49c79d8ac869c3503d609caa11d775b009bce542783f1/duckdb-1.2.0-cp313-cp313-win_amd64.whl", hash = "sha256:5cf770fdd5244e47b3cbca6dd4ef2d13b6b9a6071f3fc7b55487e9ddff19e9cd", size = 11351098 },
]

[[package]]
name = "logging"
version = "0.4.9.6"
source = { registry = "https://pypi.org/simple" }
sdist = { url = "https://files.pythonhosted.org/packages/93/4b/979db9e44be09f71e85c9c8cfc42f258adfb7d93ce01deed2788b2948919/logging-0.4.9.6.tar.gz", hash = "sha256:26f6b50773f085042d301085bd1bf5d9f3735704db9f37c1ce6d8b85c38f2417", size = 96029 }

[[package]]
name = "nfl-data"
version = "0.1.0"
source = { virtual = "." }
dependencies = [
    { name = "configparser" },
    { name = "duckdb" },
    { name = "logging" },
    { name = "polars" },
    { name = "ruff" },
]

[package.metadata]
requires-dist = [
    { name = "configparser", specifier = ">=7.1.0" },
    { name = "duckdb", specifier = ">=1.2.0" },
    { name = "logging", specifier = ">=0.4.9.6" },
    { name = "polars", specifier = ">=1.23.0" },
    { name = "ruff", specifier = ">=0.9.7" },
]

[[package]]
name = "polars"
version = "1.23.0"
source = { registry = "https://pypi.org/simple" }
sdist = { url = "https://files.pythonhosted.org/packages/dc/8d/d7dbba730dbf8cacf0926e620ea8c16a0f1674ee728c12f02e91066c2655/polars-1.23.0.tar.gz", hash = "sha256:4305e87e4c48bc4ae8401a055fb5431c4c0c4e88855e648927269f31e6d338f0", size = 4438041 }
wheels = [
    { url = "https://files.pythonhosted.org/packages/0a/c7/e993e7099a04bd1bb63fa995254fa3b7408bd91e900b96b358aeea26a6f3/polars-1.23.0-cp39-abi3-macosx_10_12_x86_64.whl", hash = "sha256:d9d344958cb9bfe1bd42c1af910cb000c0dfa2892b849f2cd35649e0bcd10fab", size = 33690353 },
    { url = "https://files.pythonhosted.org/packages/14/ea/f564320dd1e26d68e8e967048719a30dddfe8dbf2b9feae94ae7cce670c4/polars-1.23.0-cp39-abi3-macosx_11_0_arm64.whl", hash = "sha256:37ca01c31909ead40f32eb275b578c576bdd2e93730a07f3a38688b1c84f6ca8", size = 30405461 },
    { url = "https://files.pythonhosted.org/packages/62/c5/5464a08a3c646ac4589fe261f8107e51d4d6a82d0fa699ab2a155733bab6/polars-1.23.0-cp39-abi3-manylinux_2_17_x86_64.manylinux2014_x86_64.whl", hash = "sha256:3cb0b944ddfc13eefa3b8c244cba39790226fd11c861cbba9db2a1cbe033387a", size = 34237443 },
    { url = "https://files.pythonhosted.org/packages/31/0a/cdf0a0a3e5618d2fa79ea3a2020d9cac25c0cd4ddf131b7aa3d4314cdf73/polars-1.23.0-cp39-abi3-manylinux_2_24_aarch64.whl", hash = "sha256:655d296078c99cd3f5cefc3ec1f1447676a64f0d7dcd2f89d919f19bf84fa53f", size = 31401840 },
    { url = "https://files.pythonhosted.org/packages/86/60/2b0a210920b1c43ba8d920cec116aa21cac0ca4f333501673d94818aca9b/polars-1.23.0-cp39-abi3-win_amd64.whl", hash = "sha256:b774f04d77ed4153d9539e546db5ad6ff4757c79dfe981e22400eb59299c5493", size = 34524233 },
    { url = "https://files.pythonhosted.org/packages/cf/77/f03719e1d2699e175ff43ed376d8049a145ce0d080934dc50f435d2975b2/polars-1.23.0-cp39-abi3-win_arm64.whl", hash = "sha256:701df6381665c56da18704305119ce73983b1bead3378fbc8fac7ffd24817e93", size = 30771854 },
]

[[package]]
name = "ruff"
version = "0.9.7"
source = { registry = "https://pypi.org/simple" }
sdist = { url = "https://files.pythonhosted.org/packages/39/8b/a86c300359861b186f18359adf4437ac8e4c52e42daa9eedc731ef9d5b53/ruff-0.9.7.tar.gz", hash = "sha256:643757633417907510157b206e490c3aa11cab0c087c912f60e07fbafa87a4c6", size = 3669813 }
wheels = [
    { url = "https://files.pythonhosted.org/packages/b1/f3/3a1d22973291226df4b4e2ff70196b926b6f910c488479adb0eeb42a0d7f/ruff-0.9.7-py3-none-linux_armv6l.whl", hash = "sha256:99d50def47305fe6f233eb8dabfd60047578ca87c9dcb235c9723ab1175180f4", size = 11774588 },
    { url = "https://files.pythonhosted.org/packages/8e/c9/b881f4157b9b884f2994fd08ee92ae3663fb24e34b0372ac3af999aa7fc6/ruff-0.9.7-py3-none-macosx_10_12_x86_64.whl", hash = "sha256:d59105ae9c44152c3d40a9c40d6331a7acd1cdf5ef404fbe31178a77b174ea66", size = 11746848 },
    { url = "https://files.pythonhosted.org/packages/14/89/2f546c133f73886ed50a3d449e6bf4af27d92d2f960a43a93d89353f0945/ruff-0.9.7-py3-none-macosx_11_0_arm64.whl", hash = "sha256:f313b5800483770bd540cddac7c90fc46f895f427b7820f18fe1822697f1fec9", size = 11177525 },
    { url = "https://files.pythonhosted.org/packages/d7/93/6b98f2c12bf28ab9def59c50c9c49508519c5b5cfecca6de871cf01237f6/ruff-0.9.7-py3-none-manylinux_2_17_aarch64.manylinux2014_aarch64.whl", hash = "sha256:042ae32b41343888f59c0a4148f103208bf6b21c90118d51dc93a68366f4e903", size = 11996580 },
    { url = "https://files.pythonhosted.org/packages/8e/3f/b3fcaf4f6d875e679ac2b71a72f6691a8128ea3cb7be07cbb249f477c061/ruff-0.9.7-py3-none-manylinux_2_17_armv7l.manylinux2014_armv7l.whl", hash = "sha256:87862589373b33cc484b10831004e5e5ec47dc10d2b41ba770e837d4f429d721", size = 11525674 },
    { url = "https://files.pythonhosted.org/packages/f0/48/33fbf18defb74d624535d5d22adcb09a64c9bbabfa755bc666189a6b2210/ruff-0.9.7-py3-none-manylinux_2_17_i686.manylinux2014_i686.whl", hash = "sha256:a17e1e01bee0926d351a1ee9bc15c445beae888f90069a6192a07a84af544b6b", size = 12739151 },
    { url = "https://files.pythonhosted.org/packages/63/b5/7e161080c5e19fa69495cbab7c00975ef8a90f3679caa6164921d7f52f4a/ruff-0.9.7-py3-none-manylinux_2_17_ppc64.manylinux2014_ppc64.whl", hash = "sha256:7c1f880ac5b2cbebd58b8ebde57069a374865c73f3bf41f05fe7a179c1c8ef22", size = 13416128 },
    { url = "https://files.pythonhosted.org/packages/4e/c8/b5e7d61fb1c1b26f271ac301ff6d9de5e4d9a9a63f67d732fa8f200f0c88/ruff-0.9.7-py3-none-manylinux_2_17_ppc64le.manylinux2014_ppc64le.whl", hash = "sha256:e63fc20143c291cab2841dbb8260e96bafbe1ba13fd3d60d28be2c71e312da49", size = 12870858 },
    { url = "https://files.pythonhosted.org/packages/da/cb/2a1a8e4e291a54d28259f8fc6a674cd5b8833e93852c7ef5de436d6ed729/ruff-0.9.7-py3-none-manylinux_2_17_s390x.manylinux2014_s390x.whl", hash = "sha256:91ff963baed3e9a6a4eba2a02f4ca8eaa6eba1cc0521aec0987da8d62f53cbef", size = 14786046 },
    { url = "https://files.pythonhosted.org/packages/ca/6c/c8f8a313be1943f333f376d79724260da5701426c0905762e3ddb389e3f4/ruff-0.9.7-py3-none-manylinux_2_17_x86_64.manylinux2014_x86_64.whl", hash = "sha256:88362e3227c82f63eaebf0b2eff5b88990280fb1ecf7105523883ba8c3aaf6fb", size = 12550834 },
    { url = "https://files.pythonhosted.org/packages/9d/ad/f70cf5e8e7c52a25e166bdc84c082163c9c6f82a073f654c321b4dff9660/ruff-0.9.7-py3-none-musllinux_1_2_aarch64.whl", hash = "sha256:0372c5a90349f00212270421fe91874b866fd3626eb3b397ede06cd385f6f7e0", size = 11961307 },
    { url = "https://files.pythonhosted.org/packages/52/d5/4f303ea94a5f4f454daf4d02671b1fbfe2a318b5fcd009f957466f936c50/ruff-0.9.7-py3-none-musllinux_1_2_armv7l.whl", hash = "sha256:d76b8ab60e99e6424cd9d3d923274a1324aefce04f8ea537136b8398bbae0a62", size = 11612039 },
    { url = "https://files.pythonhosted.org/packages/eb/c8/bd12a23a75603c704ce86723be0648ba3d4ecc2af07eecd2e9fa112f7e19/ruff-0.9.7-py3-none-musllinux_1_2_i686.whl", hash = "sha256:0c439bdfc8983e1336577f00e09a4e7a78944fe01e4ea7fe616d00c3ec69a3d0", size = 12168177 },
    { url = "https://files.pythonhosted.org/packages/cc/57/d648d4f73400fef047d62d464d1a14591f2e6b3d4a15e93e23a53c20705d/ruff-0.9.7-py3-none-musllinux_1_2_x86_64.whl", hash = "sha256:115d1f15e8fdd445a7b4dc9a30abae22de3f6bcabeb503964904471691ef7606", size = 12610122 },
    { url = "https://files.pythonhosted.org/packages/49/79/acbc1edd03ac0e2a04ae2593555dbc9990b34090a9729a0c4c0cf20fb595/ruff-0.9.7-py3-none-win32.whl", hash = "sha256:e9ece95b7de5923cbf38893f066ed2872be2f2f477ba94f826c8defdd6ec6b7d", size = 9988751 },
    { url = "https://files.pythonhosted.org/packages/6d/95/67153a838c6b6ba7a2401241fd8a00cd8c627a8e4a0491b8d853dedeffe0/ruff-0.9.7-py3-none-win_amd64.whl", hash = "sha256:3770fe52b9d691a15f0b87ada29c45324b2ace8f01200fb0c14845e499eb0c2c", size = 11002987 },
    { url = "https://files.pythonhosted.org/packages/63/6a/aca01554949f3a401991dc32fe22837baeaccb8a0d868256cbb26a029778/ruff-0.9.7-py3-none-win_arm64.whl", hash = "sha256:b075a700b2533feb7a01130ff656a4ec0d5f340bb540ad98759b8401c32c2037", size = 10177763 },
]
